// !$*UTF8*$!
{
	archiveVersion = 1;
	classes = {
	};
	objectVersion = 46;
	objects = {

/* Begin PBXBuildFile section */
		642947E01D70962A00735661 /* AppDelegate.swift in Sources */ = {isa = PBXBuildFile; fileRef = 642947DF1D70962A00735661 /* AppDelegate.swift */; };
		642947E51D70962A00735661 /* Main.storyboard in Resources */ = {isa = PBXBuildFile; fileRef = 642947E31D70962A00735661 /* Main.storyboard */; };
		642947E71D70962A00735661 /* Assets.xcassets in Resources */ = {isa = PBXBuildFile; fileRef = 642947E61D70962A00735661 /* Assets.xcassets */; };
		642947EA1D70962A00735661 /* LaunchScreen.storyboard in Resources */ = {isa = PBXBuildFile; fileRef = 642947E81D70962A00735661 /* LaunchScreen.storyboard */; };
		642947F51D70997F00735661 /* Pair.xcdatamodeld in Sources */ = {isa = PBXBuildFile; fileRef = 642947F31D70997F00735661 /* Pair.xcdatamodeld */; };
		642947FB1D709ADF00735661 /* CoreDataStack.swift in Sources */ = {isa = PBXBuildFile; fileRef = 642947FA1D709ADF00735661 /* CoreDataStack.swift */; };
		642947FE1D709FA900735661 /* People+CoreDataProperties.swift in Sources */ = {isa = PBXBuildFile; fileRef = 642947FC1D709FA900735661 /* People+CoreDataProperties.swift */; };
		642947FF1D709FA900735661 /* People.swift in Sources */ = {isa = PBXBuildFile; fileRef = 642947FD1D709FA900735661 /* People.swift */; };
		642948041D70A75800735661 /* PeopleController.swift in Sources */ = {isa = PBXBuildFile; fileRef = 642948031D70A75800735661 /* PeopleController.swift */; };
		642948071D70AFF800735661 /* PersonListViewController.swift in Sources */ = {isa = PBXBuildFile; fileRef = 642948061D70AFF800735661 /* PersonListViewController.swift */; };
		642948091D70B60500735661 /* PersonDetailTableViewController.swift in Sources */ = {isa = PBXBuildFile; fileRef = 642948081D70B60500735661 /* PersonDetailTableViewController.swift */; };
/* End PBXBuildFile section */

/* Begin PBXFileReference section */
		642947DC1D70962A00735661 /* Pair Code Challenge.app */ = {isa = PBXFileReference; explicitFileType = wrapper.application; includeInIndex = 0; path = "Pair Code Challenge.app"; sourceTree = BUILT_PRODUCTS_DIR; };
		642947DF1D70962A00735661 /* AppDelegate.swift */ = {isa = PBXFileReference; lastKnownFileType = sourcecode.swift; path = AppDelegate.swift; sourceTree = "<group>"; };
		642947E41D70962A00735661 /* Base */ = {isa = PBXFileReference; lastKnownFileType = file.storyboard; name = Base; path = Base.lproj/Main.storyboard; sourceTree = "<group>"; };
		642947E61D70962A00735661 /* Assets.xcassets */ = {isa = PBXFileReference; lastKnownFileType = folder.assetcatalog; path = Assets.xcassets; sourceTree = "<group>"; };
		642947E91D70962A00735661 /* Base */ = {isa = PBXFileReference; lastKnownFileType = file.storyboard; name = Base; path = Base.lproj/LaunchScreen.storyboard; sourceTree = "<group>"; };
		642947EB1D70962A00735661 /* Info.plist */ = {isa = PBXFileReference; lastKnownFileType = text.plist.xml; path = Info.plist; sourceTree = "<group>"; };
		642947F41D70997F00735661 /* Pair.xcdatamodel */ = {isa = PBXFileReference; lastKnownFileType = wrapper.xcdatamodel; path = Pair.xcdatamodel; sourceTree = "<group>"; };
		642947FA1D709ADF00735661 /* CoreDataStack.swift */ = {isa = PBXFileReference; fileEncoding = 4; lastKnownFileType = sourcecode.swift; path = CoreDataStack.swift; sourceTree = "<group>"; };
		642947FC1D709FA900735661 /* People+CoreDataProperties.swift */ = {isa = PBXFileReference; fileEncoding = 4; lastKnownFileType = sourcecode.swift; name = "People+CoreDataProperties.swift"; path = "../People+CoreDataProperties.swift"; sourceTree = "<group>"; };
		642947FD1D709FA900735661 /* People.swift */ = {isa = PBXFileReference; fileEncoding = 4; lastKnownFileType = sourcecode.swift; name = People.swift; path = ../People.swift; sourceTree = "<group>"; };
		642948031D70A75800735661 /* PeopleController.swift */ = {isa = PBXFileReference; fileEncoding = 4; lastKnownFileType = sourcecode.swift; path = PeopleController.swift; sourceTree = "<group>"; };
		642948061D70AFF800735661 /* PersonListViewController.swift */ = {isa = PBXFileReference; fileEncoding = 4; lastKnownFileType = sourcecode.swift; path = PersonListViewController.swift; sourceTree = "<group>"; };
		642948081D70B60500735661 /* PersonDetailTableViewController.swift */ = {isa = PBXFileReference; fileEncoding = 4; lastKnownFileType = sourcecode.swift; path = PersonDetailTableViewController.swift; sourceTree = "<group>"; };
/* End PBXFileReference section */

/* Begin PBXFrameworksBuildPhase section */
		642947D91D70962A00735661 /* Frameworks */ = {
			isa = PBXFrameworksBuildPhase;
			buildActionMask = 2147483647;
			files = (
			);
			runOnlyForDeploymentPostprocessing = 0;
		};
/* End PBXFrameworksBuildPhase section */

/* Begin PBXGroup section */
		642947D31D70962A00735661 = {
			isa = PBXGroup;
			children = (
				642947DE1D70962A00735661 /* Pair Code Challenge */,
				642947DD1D70962A00735661 /* Products */,
			);
			sourceTree = "<group>";
		};
		642947DD1D70962A00735661 /* Products */ = {
			isa = PBXGroup;
			children = (
				642947DC1D70962A00735661 /* Pair Code Challenge.app */,
			);
			name = Products;
			sourceTree = "<group>";
		};
		642947DE1D70962A00735661 /* Pair Code Challenge */ = {
			isa = PBXGroup;
			children = (
				642948051D70AFE700735661 /* View */,
				642948001D70A0A800735661 /* Controller */,
				642947F61D70998D00735661 /* Pair + Core Data */,
				642947F71D7099AA00735661 /* Utilities */,
			);
			path = "Pair Code Challenge";
			sourceTree = "<group>";
		};
		642947F61D70998D00735661 /* Pair + Core Data */ = {
			isa = PBXGroup;
			children = (
				642947FC1D709FA900735661 /* People+CoreDataProperties.swift */,
				642947FD1D709FA900735661 /* People.swift */,
				642947F31D70997F00735661 /* Pair.xcdatamodeld */,
				642947FA1D709ADF00735661 /* CoreDataStack.swift */,
			);
			name = "Pair + Core Data";
			sourceTree = "<group>";
		};
		642947F71D7099AA00735661 /* Utilities */ = {
			isa = PBXGroup;
			children = (
				642947DF1D70962A00735661 /* AppDelegate.swift */,
				642947EB1D70962A00735661 /* Info.plist */,
				642947E81D70962A00735661 /* LaunchScreen.storyboard */,
				642947E61D70962A00735661 /* Assets.xcassets */,
			);
			name = Utilities;
			sourceTree = "<group>";
		};
		642948001D70A0A800735661 /* Controller */ = {
			isa = PBXGroup;
			children = (
				642948031D70A75800735661 /* PeopleController.swift */,
			);
			name = Controller;
			sourceTree = "<group>";
		};
		642948051D70AFE700735661 /* View */ = {
			isa = PBXGroup;
			children = (
				642948061D70AFF800735661 /* PersonListViewController.swift */,
				642948081D70B60500735661 /* PersonDetailTableViewController.swift */,
				642947E31D70962A00735661 /* Main.storyboard */,
			);
			name = View;
			sourceTree = "<group>";
		};
/* End PBXGroup section */

/* Begin PBXNativeTarget section */
		642947DB1D70962A00735661 /* Pair Code Challenge */ = {
			isa = PBXNativeTarget;
			buildConfigurationList = 642947EE1D70962A00735661 /* Build configuration list for PBXNativeTarget "Pair Code Challenge" */;
			buildPhases = (
				642947D81D70962A00735661 /* Sources */,
				642947D91D70962A00735661 /* Frameworks */,
				642947DA1D70962A00735661 /* Resources */,
			);
			buildRules = (
			);
			dependencies = (
			);
			name = "Pair Code Challenge";
			productName = "Pair Code Challenge";
			productReference = 642947DC1D70962A00735661 /* Pair Code Challenge.app */;
			productType = "com.apple.product-type.application";
		};
/* End PBXNativeTarget section */

/* Begin PBXProject section */
		642947D41D70962A00735661 /* Project object */ = {
			isa = PBXProject;
			attributes = {
				LastSwiftUpdateCheck = 0730;
				LastUpgradeCheck = 0730;
				ORGANIZATIONNAME = TravisSasselli;
				TargetAttributes = {
					642947DB1D70962A00735661 = {
						CreatedOnToolsVersion = 7.3.1;
					};
				};
			};
			buildConfigurationList = 642947D71D70962A00735661 /* Build configuration list for PBXProject "Pair Code Challenge" */;
			compatibilityVersion = "Xcode 3.2";
			developmentRegion = English;
			hasScannedForEncodings = 0;
			knownRegions = (
				en,
				Base,
			);
			mainGroup = 642947D31D70962A00735661;
			productRefGroup = 642947DD1D70962A00735661 /* Products */;
			projectDirPath = "";
			projectRoot = "";
			targets = (
				642947DB1D70962A00735661 /* Pair Code Challenge */,
			);
		};
/* End PBXProject section */

/* Begin PBXResourcesBuildPhase section */
		642947DA1D70962A00735661 /* Resources */ = {
			isa = PBXResourcesBuildPhase;
			buildActionMask = 2147483647;
			files = (
				642947EA1D70962A00735661 /* LaunchScreen.storyboard in Resources */,
				642947E71D70962A00735661 /* Assets.xcassets in Resources */,
				642947E51D70962A00735661 /* Main.storyboard in Resources */,
			);
			runOnlyForDeploymentPostprocessing = 0;
		};
/* End PBXResourcesBuildPhase section */

/* Begin PBXSourcesBuildPhase section */
		642947D81D70962A00735661 /* Sources */ = {
			isa = PBXSourcesBuildPhase;
			buildActionMask = 2147483647;
			files = (
				642947FE1D709FA900735661 /* People+CoreDataProperties.swift in Sources */,
				642948091D70B60500735661 /* PersonDetailTableViewController.swift in Sources */,
				642947E01D70962A00735661 /* AppDelegate.swift in Sources */,
				642948041D70A75800735661 /* PeopleController.swift in Sources */,
				642947F51D70997F00735661 /* Pair.xcdatamodeld in Sources */,
				642947FF1D709FA900735661 /* People.swift in Sources */,
				642947FB1D709ADF00735661 /* CoreDataStack.swift in Sources */,
				642948071D70AFF800735661 /* PersonListViewController.swift in Sources */,
			);
			runOnlyForDeploymentPostprocessing = 0;
		};
/* End PBXSourcesBuildPhase section */

/* Begin PBXVariantGroup section */
		642947E31D70962A00735661 /* Main.storyboard */ = {
			isa = PBXVariantGroup;
			children = (
				642947E41D70962A00735661 /* Base */,
			);
			name = Main.storyboard;
			sourceTree = "<group>";
		};
		642947E81D70962A00735661 /* LaunchScreen.storyboard */ = {
			isa = PBXVariantGroup;
			children = (
				642947E91D70962A00735661 /* Base */,
			);
			name = LaunchScreen.storyboard;
			sourceTree = "<group>";
		};
/* End PBXVariantGroup section */

/* Begin XCBuildConfiguration section */
		642947EC1D70962A00735661 /* Debug */ = {
			isa = XCBuildConfiguration;
			buildSettings = {
				ALWAYS_SEARCH_USER_PATHS = NO;
				CLANG_ANALYZER_NONNULL = YES;
				CLANG_CXX_LANGUAGE_STANDARD = "gnu++0x";
				CLANG_CXX_LIBRARY = "libc++";
				CLANG_ENABLE_MODULES = YES;
				CLANG_ENABLE_OBJC_ARC = YES;
				CLANG_WARN_BOOL_CONVERSION = YES;
				CLANG_WARN_CONSTANT_CONVERSION = YES;
				CLANG_WARN_DIRECT_OBJC_ISA_USAGE = YES_ERROR;
				CLANG_WARN_EMPTY_BODY = YES;
				CLANG_WARN_ENUM_CONVERSION = YES;
				CLANG_WARN_INT_CONVERSION = YES;
				CLANG_WARN_OBJC_ROOT_CLASS = YES_ERROR;
				CLANG_WARN_UNREACHABLE_CODE = YES;
				CLANG_WARN__DUPLICATE_METHOD_MATCH = YES;
				"CODE_SIGN_IDENTITY[sdk=iphoneos*]" = "iPhone Developer";
				COPY_PHASE_STRIP = NO;
				DEBUG_INFORMATION_FORMAT = dwarf;
				ENABLE_STRICT_OBJC_MSGSEND = YES;
				ENABLE_TESTABILITY = YES;
				GCC_C_LANGUAGE_STANDARD = gnu99;
				GCC_DYNAMIC_NO_PIC = NO;
				GCC_NO_COMMON_BLOCKS = YES;
				GCC_OPTIMIZATION_LEVEL = 0;
				GCC_PREPROCESSOR_DEFINITIONS = (
					"DEBUG=1",
					"$(inherited)",
				);
				GCC_WARN_64_TO_32_BIT_CONVERSION = YES;
				GCC_WARN_ABOUT_RETURN_TYPE = YES_ERROR;
				GCC_WARN_UNDECLARED_SELECTOR = YES;
				GCC_WARN_UNINITIALIZED_AUTOS = YES_AGGRESSIVE;
				GCC_WARN_UNUSED_FUNCTION = YES;
				GCC_WARN_UNUSED_VARIABLE = YES;
				IPHONEOS_DEPLOYMENT_TARGET = 9.3;
				MTL_ENABLE_DEBUG_INFO = YES;
				ONLY_ACTIVE_ARCH = YES;
				SDKROOT = iphoneos;
				SWIFT_OPTIMIZATION_LEVEL = "-Onone";
			};
			name = Debug;
		};
		642947ED1D70962A00735661 /* Release */ = {
			isa = XCBuildConfiguration;
			buildSettings = {
				ALWAYS_SEARCH_USER_PATHS = NO;
				CLANG_ANALYZER_NONNULL = YES;
				CLANG_CXX_LANGUAGE_STANDARD = "gnu++0x";
				CLANG_CXX_LIBRARY = "libc++";
				CLANG_ENABLE_MODULES = YES;
				CLANG_ENABLE_OBJC_ARC = YES;
				CLANG_WARN_BOOL_CONVERSION = YES;
				CLANG_WARN_CONSTANT_CONVERSION = YES;
				CLANG_WARN_DIRECT_OBJC_ISA_USAGE = YES_ERROR;
				CLANG_WARN_EMPTY_BODY = YES;
				CLANG_WARN_ENUM_CONVERSION = YES;
				CLANG_WARN_INT_CONVERSION = YES;
				CLANG_WARN_OBJC_ROOT_CLASS = YES_ERROR;
				CLANG_WARN_UNREACHABLE_CODE = YES;
				CLANG_WARN__DUPLICATE_METHOD_MATCH = YES;
				"CODE_SIGN_IDENTITY[sdk=iphoneos*]" = "iPhone Developer";
				COPY_PHASE_STRIP = NO;
				DEBUG_INFORMATION_FORMAT = "dwarf-with-dsym";
				ENABLE_NS_ASSERTIONS = NO;
				ENABLE_STRICT_OBJC_MSGSEND = YES;
				GCC_C_LANGUAGE_STANDARD = gnu99;
				GCC_NO_COMMON_BLOCKS = YES;
				GCC_WARN_64_TO_32_BIT_CONVERSION = YES;
				GCC_WARN_ABOUT_RETURN_TYPE = YES_ERROR;
				GCC_WARN_UNDECLARED_SELECTOR = YES;
				GCC_WARN_UNINITIALIZED_AUTOS = YES_AGGRESSIVE;
				GCC_WARN_UNUSED_FUNCTION = YES;
				GCC_WARN_UNUSED_VARIABLE = YES;
				IPHONEOS_DEPLOYMENT_TARGET = 9.3;
				MTL_ENABLE_DEBUG_INFO = NO;
				SDKROOT = iphoneos;
				VALIDATE_PRODUCT = YES;
			};
			name = Release;
		};
		642947EF1D70962A00735661 /* Debug */ = {
			isa = XCBuildConfiguration;
			buildSettings = {
				ASSETCATALOG_COMPILER_APPICON_NAME = AppIcon;
				INFOPLIST_FILE = "Pair Code Challenge/Info.plist";
				LD_RUNPATH_SEARCH_PATHS = "$(inherited) @executable_path/Frameworks";
				PRODUCT_BUNDLE_IDENTIFIER = "com.tsasselli.Pair-Code-Challenge";
				PRODUCT_NAME = "$(TARGET_NAME)";
			};
			name = Debug;
		};
		642947F01D70962A00735661 /* Release */ = {
			isa = XCBuildConfiguration;
			buildSettings = {
				ASSETCATALOG_COMPILER_APPICON_NAME = AppIcon;
				INFOPLIST_FILE = "Pair Code Challenge/Info.plist";
				LD_RUNPATH_SEARCH_PATHS = "$(inherited) @executable_path/Frameworks";
				PRODUCT_BUNDLE_IDENTIFIER = "com.tsasselli.Pair-Code-Challenge";
				PRODUCT_NAME = "$(TARGET_NAME)";
			};
			name = Release;
		};
/* End XCBuildConfiguration section */

/* Begin XCConfigurationList section */
		642947D71D70962A00735661 /* Build configuration list for PBXProject "Pair Code Challenge" */ = {
			isa = XCConfigurationList;
			buildConfigurations = (
				642947EC1D70962A00735661 /* Debug */,
				642947ED1D70962A00735661 /* Release */,
			);
			defaultConfigurationIsVisible = 0;
			defaultConfigurationName = Release;
		};
		642947EE1D70962A00735661 /* Build configuration list for PBXNativeTarget "Pair Code Challenge" */ = {
			isa = XCConfigurationList;
			buildConfigurations = (
				642947EF1D70962A00735661 /* Debug */,
				642947F01D70962A00735661 /* Release */,
			);
			defaultConfigurationIsVisible = 0;
		};
/* End XCConfigurationList section */

/* Begin XCVersionGroup section */
		642947F31D70997F00735661 /* Pair.xcdatamodeld */ = {
			isa = XCVersionGroup;
			children = (
				642947F41D70997F00735661 /* Pair.xcdatamodel */,
			);
			currentVersion = 642947F41D70997F00735661 /* Pair.xcdatamodel */;
			path = Pair.xcdatamodeld;
			sourceTree = "<group>";
			versionGroupType = wrapper.xcdatamodel;
		};
/* End XCVersionGroup section */
	};
	rootObject = 642947D41D70962A00735661 /* Project object */;
}
